
Microsoft Visual Studio Solution File, Format Version 12.00
# Visual Studio Version 16
VisualStudioVersion = 16.0.36631.11
MinimumVisualStudioVersion = 10.0.40219.1
Project("{9A19103F-16F7-4668-BE54-9A1E7A4F7556}") = "DrawClient", "DrawClient.csproj", "{772DF5DD-4CE0-44CA-8968-31AB18156F25}"
EndProject
Global
	GlobalSection(SolutionConfigurationPlatforms) = preSolution
		Debug|Any CPU = Debug|Any CPU
		Release|Any CPU = Release|Any CPU
	EndGlobalSection
	GlobalSection(ProjectConfigurationPlatforms) = postSolution
		{772DF5DD-4CE0-44CA-8968-31AB18156F25}.Debug|Any CPU.ActiveCfg = Debug|Any CPU
		{772DF5DD-4CE0-44CA-8968-31AB18156F25}.Debug|Any CPU.Build.0 = Debug|Any CPU
		{772DF5DD-4CE0-44CA-8968-31AB18156F25}.Release|Any CPU.ActiveCfg = Release|Any CPU
		{772DF5DD-4CE0-44CA-8968-31AB18156F25}.Release|Any CPU.Build.0 = Release|Any CPU
	EndGlobalSection
	GlobalSection(SolutionProperties) = preSolution
		HideSolutionNode = FALSE
	EndGlobalSection
	GlobalSection(ExtensibilityGlobals) = postSolution
		SolutionGuid = {448BDAD2-EFED-4AC5-AAD8-68DA652C8408}
	EndGlobalSection
EndGlobal
